github.com/faizulfikri/go-say-hello v1.0.0 h1:+Y8HiR/cw57e2yGFpCWCupbb+dUX1+uRGD9RGuuLLnw=
github.com/faizulfikri/go-say-hello v1.0.0/go.mod h1:CSmeAmo6cxeOZoZEdFzSdtUm86zAhdpvHHKiJk2FijI=
github.com/faizulfikri/go-say-hello v1.0.1 h1:enlYJLWlo3kalGVkIIK0ZBp3cL2tjgQsjSHOm27wp8I=
github.com/faizulfikri/go-say-hello v1.0.1/go.mod h1:CSmeAmo6cxeOZoZEdFzSdtUm86zAhdpvHHKiJk2FijI=
github.com/faizulfikri/go-say-hello/v2 v2.0.0 h1:2oOxE8mjHqjy1w9bnunMrWdTSvBX8aNcLKQScUc708U=
github.com/faizulfikri/go-say-hello/v2 v2.0.0/go.mod h1:ps11OCHbTQcfDMhz0unn+waThWMBSj3lNjR0wuEM4Zw=
